// !$*UTF8*$!
{
	archiveVersion = 1;
	classes = {
	};
	objectVersion = 46;
	objects = {

/* Begin PBXBuildFile section */
		07E312FA183BB18B5FA9CB4B /* Pods_Arduino.framework in Frameworks */ = {isa = PBXBuildFile; fileRef = 7676552992837F122FE88478 /* Pods_Arduino.framework */; };
		6F13544E1CF8B051003DD6E9 /* AppDelegate.swift in Sources */ = {isa = PBXBuildFile; fileRef = 6F13544D1CF8B051003DD6E9 /* AppDelegate.swift */; };
		6F1354501CF8B051003DD6E9 /* ViewController.swift in Sources */ = {isa = PBXBuildFile; fileRef = 6F13544F1CF8B051003DD6E9 /* ViewController.swift */; };
		6F1354531CF8B051003DD6E9 /* Main.storyboard in Resources */ = {isa = PBXBuildFile; fileRef = 6F1354511CF8B051003DD6E9 /* Main.storyboard */; };
		6F1354551CF8B051003DD6E9 /* Assets.xcassets in Resources */ = {isa = PBXBuildFile; fileRef = 6F1354541CF8B051003DD6E9 /* Assets.xcassets */; };
		6F1354581CF8B051003DD6E9 /* LaunchScreen.storyboard in Resources */ = {isa = PBXBuildFile; fileRef = 6F1354561CF8B051003DD6E9 /* LaunchScreen.storyboard */; };
/* End PBXBuildFile section */

/* Begin PBXFileReference section */
		1D3B92D89CE7C31983ECD824 /* Pods-Arduino.release.xcconfig */ = {isa = PBXFileReference; includeInIndex = 1; lastKnownFileType = text.xcconfig; name = "Pods-Arduino.release.xcconfig"; path = "Pods/Target Support Files/Pods-Arduino/Pods-Arduino.release.xcconfig"; sourceTree = "<group>"; };
		433F5DB9E4F9A98D961CFF7A /* Pods-Arduino.debug.xcconfig */ = {isa = PBXFileReference; includeInIndex = 1; lastKnownFileType = text.xcconfig; name = "Pods-Arduino.debug.xcconfig"; path = "Pods/Target Support Files/Pods-Arduino/Pods-Arduino.debug.xcconfig"; sourceTree = "<group>"; };
		6F13544A1CF8B050003DD6E9 /* Arduino.app */ = {isa = PBXFileReference; explicitFileType = wrapper.application; includeInIndex = 0; path = Arduino.app; sourceTree = BUILT_PRODUCTS_DIR; };
		6F13544D1CF8B051003DD6E9 /* AppDelegate.swift */ = {isa = PBXFileReference; lastKnownFileType = sourcecode.swift; path = AppDelegate.swift; sourceTree = "<group>"; };
		6F13544F1CF8B051003DD6E9 /* ViewController.swift */ = {isa = PBXFileReference; lastKnownFileType = sourcecode.swift; path = ViewController.swift; sourceTree = "<group>"; };
		6F1354521CF8B051003DD6E9 /* Base */ = {isa = PBXFileReference; lastKnownFileType = file.storyboard; name = Base; path = Base.lproj/Main.storyboard; sourceTree = "<group>"; };
		6F1354541CF8B051003DD6E9 /* Assets.xcassets */ = {isa = PBXFileReference; lastKnownFileType = folder.assetcatalog; path = Assets.xcassets; sourceTree = "<group>"; };
		6F1354571CF8B051003DD6E9 /* Base */ = {isa = PBXFileReference; lastKnownFileType = file.storyboard; name = Base; path = Base.lproj/LaunchScreen.storyboard; sourceTree = "<group>"; };
		6F1354591CF8B051003DD6E9 /* Info.plist */ = {isa = PBXFileReference; lastKnownFileType = text.plist.xml; path = Info.plist; sourceTree = "<group>"; };
		7676552992837F122FE88478 /* Pods_Arduino.framework */ = {isa = PBXFileReference; explicitFileType = wrapper.framework; includeInIndex = 0; path = Pods_Arduino.framework; sourceTree = BUILT_PRODUCTS_DIR; };
/* End PBXFileReference section */

/* Begin PBXFrameworksBuildPhase section */
		6F1354471CF8B050003DD6E9 /* Frameworks */ = {
			isa = PBXFrameworksBuildPhase;
			buildActionMask = 2147483647;
			files = (
				07E312FA183BB18B5FA9CB4B /* Pods_Arduino.framework in Frameworks */,
			);
			runOnlyForDeploymentPostprocessing = 0;
		};
/* End PBXFrameworksBuildPhase section */

/* Begin PBXGroup section */
		0C91250A3C065E3F45F0D690 /* Pods */ = {
			isa = PBXGroup;
			children = (
				433F5DB9E4F9A98D961CFF7A /* Pods-Arduino.debug.xcconfig */,
				1D3B92D89CE7C31983ECD824 /* Pods-Arduino.release.xcconfig */,
			);
			name = Pods;
			sourceTree = "<group>";
		};
		6F1354411CF8B050003DD6E9 = {
			isa = PBXGroup;
			children = (
				6F13544C1CF8B051003DD6E9 /* Arduino */,
				6F13544B1CF8B050003DD6E9 /* Products */,
				0C91250A3C065E3F45F0D690 /* Pods */,
				9471B740EAA27FABA1F5676B /* Frameworks */,
			);
			sourceTree = "<group>";
		};
		6F13544B1CF8B050003DD6E9 /* Products */ = {
			isa = PBXGroup;
			children = (
				6F13544A1CF8B050003DD6E9 /* Arduino.app */,
			);
			name = Products;
			sourceTree = "<group>";
		};
		6F13544C1CF8B051003DD6E9 /* Arduino */ = {
			isa = PBXGroup;
			children = (
				6F13544D1CF8B051003DD6E9 /* AppDelegate.swift */,
				6F13544F1CF8B051003DD6E9 /* ViewController.swift */,
				6F1354511CF8B051003DD6E9 /* Main.storyboard */,
				6F1354541CF8B051003DD6E9 /* Assets.xcassets */,
				6F1354561CF8B051003DD6E9 /* LaunchScreen.storyboard */,
				6F1354591CF8B051003DD6E9 /* Info.plist */,
			);
			path = Arduino;
			sourceTree = "<group>";
		};
		9471B740EAA27FABA1F5676B /* Frameworks */ = {
			isa = PBXGroup;
			children = (
				7676552992837F122FE88478 /* Pods_Arduino.framework */,
			);
			name = Frameworks;
			sourceTree = "<group>";
		};
/* End PBXGroup section */

/* Begin PBXNativeTarget section */
		6F1354491CF8B050003DD6E9 /* Arduino */ = {
			isa = PBXNativeTarget;
			buildConfigurationList = 6F13545C1CF8B051003DD6E9 /* Build configuration list for PBXNativeTarget "Arduino" */;
			buildPhases = (
				588F1B8B8A34A11E15F5A4F7 /* 📦 Check Pods Manifest.lock */,
				6F1354461CF8B050003DD6E9 /* Sources */,
				6F1354471CF8B050003DD6E9 /* Frameworks */,
				6F1354481CF8B050003DD6E9 /* Resources */,
				4985EDA4BBDD2A9341475FC5 /* 📦 Embed Pods Frameworks */,
				36B5BC96FC1439B8ED7FEEB8 /* 📦 Copy Pods Resources */,
			);
			buildRules = (
			);
			dependencies = (
			);
			name = Arduino;
			productName = Arduino;
			productReference = 6F13544A1CF8B050003DD6E9 /* Arduino.app */;
			productType = "com.apple.product-type.application";
		};
/* End PBXNativeTarget section */

/* Begin PBXProject section */
		6F1354421CF8B050003DD6E9 /* Project object */ = {
			isa = PBXProject;
			attributes = {
				LastSwiftUpdateCheck = 0730;
				LastUpgradeCheck = 0730;
				ORGANIZATIONNAME = SimpleApps;
				TargetAttributes = {
					6F1354491CF8B050003DD6E9 = {
						CreatedOnToolsVersion = 7.3.1;
						DevelopmentTeam = G9ZWRGNL4S;
					};
				};
			};
			buildConfigurationList = 6F1354451CF8B050003DD6E9 /* Build configuration list for PBXProject "Arduino" */;
			compatibilityVersion = "Xcode 3.2";
			developmentRegion = English;
			hasScannedForEncodings = 0;
			knownRegions = (
				en,
				Base,
			);
			mainGroup = 6F1354411CF8B050003DD6E9;
			productRefGroup = 6F13544B1CF8B050003DD6E9 /* Products */;
			projectDirPath = "";
			projectRoot = "";
			targets = (
				6F1354491CF8B050003DD6E9 /* Arduino */,
			);
		};
/* End PBXProject section */

/* Begin PBXResourcesBuildPhase section */
		6F1354481CF8B050003DD6E9 /* Resources */ = {
			isa = PBXResourcesBuildPhase;
			buildActionMask = 2147483647;
			files = (
				6F1354581CF8B051003DD6E9 /* LaunchScreen.storyboard in Resources */,
				6F1354551CF8B051003DD6E9 /* Assets.xcassets in Resources */,
				6F1354531CF8B051003DD6E9 /* Main.storyboard in Resources */,
			);
			runOnlyForDeploymentPostprocessing = 0;
		};
/* End PBXResourcesBuildPhase section */

/* Begin PBXShellScriptBuildPhase section */
		36B5BC96FC1439B8ED7FEEB8 /* 📦 Copy Pods Resources */ = {
			isa = PBXShellScriptBuildPhase;
			buildActionMask = 2147483647;
			files = (
			);
			inputPaths = (
			);
			name = "📦 Copy Pods Resources";
			outputPaths = (
			);
			runOnlyForDeploymentPostprocessing = 0;
			shellPath = /bin/sh;
			shellScript = "\"${SRCROOT}/Pods/Target Support Files/Pods-Arduino/Pods-Arduino-resources.sh\"\n";
			showEnvVarsInLog = 0;
		};
		4985EDA4BBDD2A9341475FC5 /* 📦 Embed Pods Frameworks */ = {
			isa = PBXShellScriptBuildPhase;
			buildActionMask = 2147483647;
			files = (
			);
			inputPaths = (
			);
			name = "📦 Embed Pods Frameworks";
			outputPaths = (
			);
			runOnlyForDeploymentPostprocessing = 0;
			shellPath = /bin/sh;
			shellScript = "\"${SRCROOT}/Pods/Target Support Files/Pods-Arduino/Pods-Arduino-frameworks.sh\"\n";
			showEnvVarsInLog = 0;
		};
		588F1B8B8A34A11E15F5A4F7 /* 📦 Check Pods Manifest.lock */ = {
			isa = PBXShellScriptBuildPhase;
			buildActionMask = 2147483647;
			files = (
			);
			inputPaths = (
			);
			name = "📦 Check Pods Manifest.lock";
			outputPaths = (
			);
			runOnlyForDeploymentPostprocessing = 0;
			shellPath = /bin/sh;
			shellScript = "diff \"${PODS_ROOT}/../Podfile.lock\" \"${PODS_ROOT}/Manifest.lock\" > /dev/null\nif [[ $? != 0 ]] ; then\n    cat << EOM\nerror: The sandbox is not in sync with the Podfile.lock. Run 'pod install' or update your CocoaPods installation.\nEOM\n    exit 1\nfi\n";
			showEnvVarsInLog = 0;
		};
/* End PBXShellScriptBuildPhase section */

/* Begin PBXSourcesBuildPhase section */
		6F1354461CF8B050003DD6E9 /* Sources */ = {
			isa = PBXSourcesBuildPhase;
			buildActionMask = 2147483647;
			files = (
				6F1354501CF8B051003DD6E9 /* ViewController.swift in Sources */,
				6F13544E1CF8B051003DD6E9 /* AppDelegate.swift in Sources */,
			);
			runOnlyForDeploymentPostprocessing = 0;
		};
/* End PBXSourcesBuildPhase section */

/* Begin PBXVariantGroup section */
		6F1354511CF8B051003DD6E9 /* Main.storyboard */ = {
			isa = PBXVariantGroup;
			children = (
				6F1354521CF8B051003DD6E9 /* Base */,
			);
			name = Main.storyboard;
			sourceTree = "<group>";
		};
		6F1354561CF8B051003DD6E9 /* LaunchScreen.storyboard */ = {
			isa = PBXVariantGroup;
			children = (
				6F1354571CF8B051003DD6E9 /* Base */,
			);
			name = LaunchScreen.storyboard;
			sourceTree = "<group>";
		};
/* End PBXVariantGroup section */

/* Begin XCBuildConfiguration section */
		6F13545A1CF8B051003DD6E9 /* Debug */ = {
			isa = XCBuildConfiguration;
			buildSettings = {
				ALWAYS_SEARCH_USER_PATHS = NO;
				CLANG_ANALYZER_NONNULL = YES;
				CLANG_CXX_LANGUAGE_STANDARD = "gnu++0x";
				CLANG_CXX_LIBRARY = "libc++";
				CLANG_ENABLE_MODULES = YES;
				CLANG_ENABLE_OBJC_ARC = YES;
				CLANG_WARN_BOOL_CONVERSION = YES;
				CLANG_WARN_CONSTANT_CONVERSION = YES;
				CLANG_WARN_DIRECT_OBJC_ISA_USAGE = YES_ERROR;
				CLANG_WARN_EMPTY_BODY = YES;
				CLANG_WARN_ENUM_CONVERSION = YES;
				CLANG_WARN_INT_CONVERSION = YES;
				CLANG_WARN_OBJC_ROOT_CLASS = YES_ERROR;
				CLANG_WARN_UNREACHABLE_CODE = YES;
				CLANG_WARN__DUPLICATE_METHOD_MATCH = YES;
				"CODE_SIGN_IDENTITY[sdk=iphoneos*]" = "iPhone Developer";
				COPY_PHASE_STRIP = NO;
				DEBUG_INFORMATION_FORMAT = dwarf;
				ENABLE_STRICT_OBJC_MSGSEND = YES;
				ENABLE_TESTABILITY = YES;
				GCC_C_LANGUAGE_STANDARD = gnu99;
				GCC_DYNAMIC_NO_PIC = NO;
				GCC_NO_COMMON_BLOCKS = YES;
				GCC_OPTIMIZATION_LEVEL = 0;
				GCC_PREPROCESSOR_DEFINITIONS = (
					"DEBUG=1",
					"$(inherited)",
				);
				GCC_WARN_64_TO_32_BIT_CONVERSION = YES;
				GCC_WARN_ABOUT_RETURN_TYPE = YES_ERROR;
				GCC_WARN_UNDECLARED_SELECTOR = YES;
				GCC_WARN_UNINITIALIZED_AUTOS = YES_AGGRESSIVE;
				GCC_WARN_UNUSED_FUNCTION = YES;
				GCC_WARN_UNUSED_VARIABLE = YES;
				IPHONEOS_DEPLOYMENT_TARGET = 9.3;
				MTL_ENABLE_DEBUG_INFO = YES;
				ONLY_ACTIVE_ARCH = YES;
				SDKROOT = iphoneos;
				SWIFT_OPTIMIZATION_LEVEL = "-Onone";
			};
			name = Debug;
		};
		6F13545B1CF8B051003DD6E9 /* Release */ = {
			isa = XCBuildConfiguration;
			buildSettings = {
				ALWAYS_SEARCH_USER_PATHS = NO;
				CLANG_ANALYZER_NONNULL = YES;
				CLANG_CXX_LANGUAGE_STANDARD = "gnu++0x";
				CLANG_CXX_LIBRARY = "libc++";
				CLANG_ENABLE_MODULES = YES;
				CLANG_ENABLE_OBJC_ARC = YES;
				CLANG_WARN_BOOL_CONVERSION = YES;
				CLANG_WARN_CONSTANT_CONVERSION = YES;
				CLANG_WARN_DIRECT_OBJC_ISA_USAGE = YES_ERROR;
				CLANG_WARN_EMPTY_BODY = YES;
				CLANG_WARN_ENUM_CONVERSION = YES;
				CLANG_WARN_INT_CONVERSION = YES;
				CLANG_WARN_OBJC_ROOT_CLASS = YES_ERROR;
				CLANG_WARN_UNREACHABLE_CODE = YES;
				CLANG_WARN__DUPLICATE_METHOD_MATCH = YES;
				"CODE_SIGN_IDENTITY[sdk=iphoneos*]" = "iPhone Developer";
				COPY_PHASE_STRIP = NO;
				DEBUG_INFORMATION_FORMAT = "dwarf-with-dsym";
				ENABLE_NS_ASSERTIONS = NO;
				ENABLE_STRICT_OBJC_MSGSEND = YES;
				GCC_C_LANGUAGE_STANDARD = gnu99;
				GCC_NO_COMMON_BLOCKS = YES;
				GCC_WARN_64_TO_32_BIT_CONVERSION = YES;
				GCC_WARN_ABOUT_RETURN_TYPE = YES_ERROR;
				GCC_WARN_UNDECLARED_SELECTOR = YES;
				GCC_WARN_UNINITIALIZED_AUTOS = YES_AGGRESSIVE;
				GCC_WARN_UNUSED_FUNCTION = YES;
				GCC_WARN_UNUSED_VARIABLE = YES;
				IPHONEOS_DEPLOYMENT_TARGET = 9.3;
				MTL_ENABLE_DEBUG_INFO = NO;
				SDKROOT = iphoneos;
				VALIDATE_PRODUCT = YES;
			};
			name = Release;
		};
		6F13545D1CF8B051003DD6E9 /* Debug */ = {
			isa = XCBuildConfiguration;
			baseConfigurationReference = 433F5DB9E4F9A98D961CFF7A /* Pods-Arduino.debug.xcconfig */;
			buildSettings = {
				ASSETCATALOG_COMPILER_APPICON_NAME = AppIcon;
				INFOPLIST_FILE = Arduino/Info.plist;
				LD_RUNPATH_SEARCH_PATHS = "$(inherited) @executable_path/Frameworks";
				PRODUCT_BUNDLE_IDENTIFIER = com.simpleapps.Arduino;
				PRODUCT_NAME = "$(TARGET_NAME)";
			};
			name = Debug;
		};
		6F13545E1CF8B051003DD6E9 /* Release */ = {
			isa = XCBuildConfiguration;
			baseConfigurationReference = 1D3B92D89CE7C31983ECD824 /* Pods-Arduino.release.xcconfig */;
			buildSettings = {
				ASSETCATALOG_COMPILER_APPICON_NAME = AppIcon;
				INFOPLIST_FILE = Arduino/Info.plist;
				LD_RUNPATH_SEARCH_PATHS = "$(inherited) @executable_path/Frameworks";
				PRODUCT_BUNDLE_IDENTIFIER = com.simpleapps.Arduino;
				PRODUCT_NAME = "$(TARGET_NAME)";
			};
			name = Release;
		};
/* End XCBuildConfiguration section */

/* Begin XCConfigurationList section */
		6F1354451CF8B050003DD6E9 /* Build configuration list for PBXProject "Arduino" */ = {
			isa = XCConfigurationList;
			buildConfigurations = (
				6F13545A1CF8B051003DD6E9 /* Debug */,
				6F13545B1CF8B051003DD6E9 /* Release */,
			);
			defaultConfigurationIsVisible = 0;
			defaultConfigurationName = Release;
		};
		6F13545C1CF8B051003DD6E9 /* Build configuration list for PBXNativeTarget "Arduino" */ = {
			isa = XCConfigurationList;
			buildConfigurations = (
				6F13545D1CF8B051003DD6E9 /* Debug */,
				6F13545E1CF8B051003DD6E9 /* Release */,
			);
			defaultConfigurationIsVisible = 0;
			defaultConfigurationName = Release;
		};
/* End XCConfigurationList section */
	};
	rootObject = 6F1354421CF8B050003DD6E9 /* Project object */;
}
